{
    "version": 3,
    "terraform_version": "0.8.8",
    "serial": 2,
    "lineage": "9992c260-7597-4112-957d-9f090acaf371",
    "modules": [
        {
            "path": [
                "root"
            ],
            "outputs": {},
            "resources": {
                "azurerm_network_interface.test": {
                    "type": "azurerm_network_interface",
                    "depends_on": [
                        "azurerm_resource_group.test",
                        "azurerm_subnet.test"
                    ],
                    "primary": {
                        "id": "/subscriptions/8c6f9e0e-915e-4898-b190-8494072467b2/resourceGroups/TerraformVM/providers/Microsoft.Network/networkInterfaces/TerraformVM-NIC-01",
                        "attributes": {
                            "applied_dns_servers.#": "0",
                            "dns_servers.#": "0",
                            "enable_ip_forwarding": "false",
                            "id": "/subscriptions/8c6f9e0e-915e-4898-b190-8494072467b2/resourceGroups/TerraformVM/providers/Microsoft.Network/networkInterfaces/TerraformVM-NIC-01",
                            "ip_configuration.#": "1",
                            "ip_configuration.1477180625.load_balancer_backend_address_pools_ids.#": "0",
                            "ip_configuration.1477180625.load_balancer_inbound_nat_rules_ids.#": "0",
                            "ip_configuration.1477180625.name": "Standard",
                            "ip_configuration.1477180625.private_ip_address": "",
                            "ip_configuration.1477180625.private_ip_address_allocation": "dynamic",
                            "ip_configuration.1477180625.public_ip_address_id": "",
                            "ip_configuration.1477180625.subnet_id": "/subscriptions/8c6f9e0e-915e-4898-b190-8494072467b2/resourceGroups/TerraformVM/providers/Microsoft.Network/virtualNetworks/vNet1/subnets/Subnet1",
                            "location": "westeurope",
                            "name": "TerraformVM-NIC-01",
                            "private_ip_address": "10.0.2.4",
                            "resource_group_name": "TerraformVM",
                            "tags.%": "0"
                        },
                        "meta": {},
                        "tainted": false
                    },
                    "deposed": [],
                    "provider": ""
                },
                "azurerm_resource_group.test": {
                    "type": "azurerm_resource_group",
                    "depends_on": [],
                    "primary": {
                        "id": "/subscriptions/8c6f9e0e-915e-4898-b190-8494072467b2/resourceGroups/TerraformVM",
                        "attributes": {
                            "id": "/subscriptions/8c6f9e0e-915e-4898-b190-8494072467b2/resourceGroups/TerraformVM",
                            "location": "westeurope",
                            "name": "TerraformVM",
                            "tags.%": "0"
                        },
                        "meta": {},
                        "tainted": false
                    },
                    "deposed": [],
                    "provider": ""
                },
                "azurerm_storage_account.test": {
                    "type": "azurerm_storage_account",
                    "depends_on": [
                        "azurerm_resource_group.test"
                    ],
                    "primary": {
                        "id": "/subscriptions/8c6f9e0e-915e-4898-b190-8494072467b2/resourceGroups/terraformvm/providers/Microsoft.Storage/storageAccounts/jacobterraformvmstor01",
                        "attributes": {
                            "account_kind": "Storage",
                            "account_type": "Standard_LRS",
                            "id": "/subscriptions/8c6f9e0e-915e-4898-b190-8494072467b2/resourceGroups/terraformvm/providers/Microsoft.Storage/storageAccounts/jacobterraformvmstor01",
                            "location": "westeurope",
                            "name": "jacobterraformvmstor01",
                            "primary_access_key": "QO5UffhbrtsvDjrOYmwVQTb70MPW7qI+vNznecxarC8uOp8izp4wHV6y1+MnUiT4nVvx2OTfNJfXrCT3xdTh1g==",
                            "primary_blob_endpoint": "https://jacobterraformvmstor01.blob.core.windows.net/",
                            "primary_file_endpoint": "https://jacobterraformvmstor01.file.core.windows.net/",
                            "primary_location": "westeurope",
                            "primary_queue_endpoint": "https://jacobterraformvmstor01.queue.core.windows.net/",
                            "primary_table_endpoint": "https://jacobterraformvmstor01.table.core.windows.net/",
                            "resource_group_name": "terraformvm",
                            "secondary_access_key": "IK/QhSk+G1LoUL9cOwFJe0RM+4QqZw8o4xx9BiWLhak/qV3GsCNGxCjUOMN2YolZh+C6drsfvNavQLORcvRfug==",
                            "secondary_location": "",
                            "tags.%": "1",
                            "tags.environment": "staging"
                        },
                        "meta": {},
                        "tainted": false
                    },
                    "deposed": [],
                    "provider": ""
                },
                "azurerm_storage_container.test": {
                    "type": "azurerm_storage_container",
                    "depends_on": [
                        "azurerm_resource_group.test",
                        "azurerm_storage_account.test"
                    ],
                    "primary": {
                        "id": "vhds",
                        "attributes": {
                            "container_access_type": "private",
                            "id": "vhds",
                            "name": "vhds",
                            "properties.%": "4",
                            "properties.last_modified": "Mon, 06 Mar 2017 23:53:43 GMT",
                            "properties.lease_duration": "",
                            "properties.lease_state": "available",
                            "properties.lease_status": "unlocked",
                            "resource_group_name": "TerraformVM",
                            "storage_account_name": "jacobterraformvmstor01"
                        },
                        "meta": {},
                        "tainted": false
                    },
                    "deposed": [],
                    "provider": ""
                },
                "azurerm_subnet.test": {
                    "type": "azurerm_subnet",
                    "depends_on": [
                        "azurerm_resource_group.test",
                        "azurerm_virtual_network.test"
                    ],
                    "primary": {
                        "id": "/subscriptions/8c6f9e0e-915e-4898-b190-8494072467b2/resourceGroups/TerraformVM/providers/Microsoft.Network/virtualNetworks/vNet1/subnets/Subnet1",
                        "attributes": {
                            "address_prefix": "10.0.2.0/24",
                            "id": "/subscriptions/8c6f9e0e-915e-4898-b190-8494072467b2/resourceGroups/TerraformVM/providers/Microsoft.Network/virtualNetworks/vNet1/subnets/Subnet1",
                            "ip_configurations.#": "0",
                            "name": "Subnet1",
                            "resource_group_name": "TerraformVM",
                            "virtual_network_name": "vNet1"
                        },
                        "meta": {},
                        "tainted": false
                    },
                    "deposed": [],
                    "provider": ""
                },
                "azurerm_virtual_network.test": {
                    "type": "azurerm_virtual_network",
                    "depends_on": [
                        "azurerm_resource_group.test"
                    ],
                    "primary": {
                        "id": "/subscriptions/8c6f9e0e-915e-4898-b190-8494072467b2/resourceGroups/TerraformVM/providers/Microsoft.Network/virtualNetworks/vNet1",
                        "attributes": {
                            "address_space.#": "1",
                            "address_space.0": "10.0.0.0/16",
                            "dns_servers.#": "0",
                            "id": "/subscriptions/8c6f9e0e-915e-4898-b190-8494072467b2/resourceGroups/TerraformVM/providers/Microsoft.Network/virtualNetworks/vNet1",
                            "location": "westeurope",
                            "name": "vNet1",
                            "resource_group_name": "TerraformVM",
                            "subnet.#": "0",
                            "tags.%": "0"
                        },
                        "meta": {},
                        "tainted": false
                    },
                    "deposed": [],
                    "provider": ""
                }
            },
            "depends_on": []
        }
    ]
}
