{
    "version": 3,
    "terraform_version": "0.8.8",
    "serial": 1,
    "lineage": "9992c260-7597-4112-957d-9f090acaf371",
    "modules": [
        {
            "path": [
                "root"
            ],
            "outputs": {},
            "resources": {
                "azurerm_resource_group.test": {
                    "type": "azurerm_resource_group",
                    "depends_on": [],
                    "primary": {
                        "id": "/subscriptions/8c6f9e0e-915e-4898-b190-8494072467b2/resourceGroups/TerraformVM",
                        "attributes": {
                            "id": "/subscriptions/8c6f9e0e-915e-4898-b190-8494072467b2/resourceGroups/TerraformVM",
                            "location": "westus",
                            "name": "TerraformVM",
                            "tags.%": "0"
                        },
                        "meta": {},
                        "tainted": false
                    },
                    "deposed": [],
                    "provider": ""
                },
                "azurerm_storage_account.test": {
                    "type": "azurerm_storage_account",
                    "depends_on": [
                        "azurerm_resource_group.test"
                    ],
                    "primary": {
                        "id": "/subscriptions/8c6f9e0e-915e-4898-b190-8494072467b2/resourceGroups/terraformvm/providers/Microsoft.Storage/storageAccounts/jacobterraformvmstor01",
                        "attributes": {
                            "account_kind": "Storage",
                            "account_type": "Standard_LRS",
                            "id": "/subscriptions/8c6f9e0e-915e-4898-b190-8494072467b2/resourceGroups/terraformvm/providers/Microsoft.Storage/storageAccounts/jacobterraformvmstor01",
                            "location": "westeurope",
                            "name": "jacobterraformvmstor01",
                            "primary_access_key": "YyhYGGYgIWDEEW+7rbH9lcn3UwjyPlA1CAAT///4kEULS+tuZYc+M4r/fB+gC3jj0W7OcM0sjCsV2FPpHdJ6vw==",
                            "primary_blob_endpoint": "https://jacobterraformvmstor01.blob.core.windows.net/",
                            "primary_file_endpoint": "https://jacobterraformvmstor01.file.core.windows.net/",
                            "primary_location": "westeurope",
                            "primary_queue_endpoint": "https://jacobterraformvmstor01.queue.core.windows.net/",
                            "primary_table_endpoint": "https://jacobterraformvmstor01.table.core.windows.net/",
                            "resource_group_name": "terraformvm",
                            "secondary_access_key": "xi8KkMwrdS24fGyJYBXbrnSC65uU8qmqp5v2ADWpHVwh3qad91MZegTwhW4jlcYsajFEd3cFcHdQmyV7RMJ7Og==",
                            "secondary_location": "",
                            "tags.%": "1",
                            "tags.environment": "staging"
                        },
                        "meta": {},
                        "tainted": false
                    },
                    "deposed": [],
                    "provider": ""
                },
                "azurerm_storage_container.test": {
                    "type": "azurerm_storage_container",
                    "depends_on": [
                        "azurerm_resource_group.test",
                        "azurerm_storage_account.test"
                    ],
                    "primary": {
                        "id": "vhds",
                        "attributes": {
                            "container_access_type": "private",
                            "id": "vhds",
                            "name": "vhds",
                            "properties.%": "4",
                            "properties.last_modified": "Mon, 06 Mar 2017 23:41:56 GMT",
                            "properties.lease_duration": "",
                            "properties.lease_state": "available",
                            "properties.lease_status": "unlocked",
                            "resource_group_name": "TerraformVM",
                            "storage_account_name": "jacobterraformvmstor01"
                        },
                        "meta": {},
                        "tainted": false
                    },
                    "deposed": [],
                    "provider": ""
                },
                "azurerm_subnet.test": {
                    "type": "azurerm_subnet",
                    "depends_on": [
                        "azurerm_resource_group.test",
                        "azurerm_virtual_network.test"
                    ],
                    "primary": {
                        "id": "/subscriptions/8c6f9e0e-915e-4898-b190-8494072467b2/resourceGroups/TerraformVM/providers/Microsoft.Network/virtualNetworks/vNet1/subnets/acctsub",
                        "attributes": {
                            "address_prefix": "10.0.2.0/24",
                            "id": "/subscriptions/8c6f9e0e-915e-4898-b190-8494072467b2/resourceGroups/TerraformVM/providers/Microsoft.Network/virtualNetworks/vNet1/subnets/acctsub",
                            "ip_configurations.#": "0",
                            "name": "acctsub",
                            "resource_group_name": "TerraformVM",
                            "virtual_network_name": "vNet1"
                        },
                        "meta": {},
                        "tainted": false
                    },
                    "deposed": [],
                    "provider": ""
                },
                "azurerm_virtual_network.test": {
                    "type": "azurerm_virtual_network",
                    "depends_on": [
                        "azurerm_resource_group.test"
                    ],
                    "primary": {
                        "id": "/subscriptions/8c6f9e0e-915e-4898-b190-8494072467b2/resourceGroups/TerraformVM/providers/Microsoft.Network/virtualNetworks/vNet1",
                        "attributes": {
                            "address_space.#": "1",
                            "address_space.0": "10.0.0.0/16",
                            "dns_servers.#": "0",
                            "id": "/subscriptions/8c6f9e0e-915e-4898-b190-8494072467b2/resourceGroups/TerraformVM/providers/Microsoft.Network/virtualNetworks/vNet1",
                            "location": "westus",
                            "name": "vNet1",
                            "resource_group_name": "TerraformVM",
                            "subnet.#": "0",
                            "tags.%": "0"
                        },
                        "meta": {},
                        "tainted": false
                    },
                    "deposed": [],
                    "provider": ""
                }
            },
            "depends_on": []
        }
    ]
}
