{
    "version": 3,
    "terraform_version": "0.8.8",
    "serial": 0,
    "lineage": "b867c6f2-892c-41e9-a4c5-122d8456c076",
    "modules": [
        {
            "path": [
                "root"
            ],
            "outputs": {},
            "resources": {
                "azurerm_resource_group.production": {
                    "type": "azurerm_resource_group",
                    "depends_on": [],
                    "primary": {
                        "id": "/subscriptions/8c6f9e0e-915e-4898-b190-8494072467b2/resourceGroups/production",
                        "attributes": {
                            "id": "/subscriptions/8c6f9e0e-915e-4898-b190-8494072467b2/resourceGroups/production",
                            "location": "westeurope",
                            "name": "production",
                            "tags.%": "0"
                        },
                        "meta": {},
                        "tainted": false
                    },
                    "deposed": [],
                    "provider": ""
                },
                "azurerm_virtual_network.network": {
                    "type": "azurerm_virtual_network",
                    "depends_on": [
                        "azurerm_resource_group.production"
                    ],
                    "primary": {
                        "id": "/subscriptions/8c6f9e0e-915e-4898-b190-8494072467b2/resourceGroups/production/providers/Microsoft.Network/virtualNetworks/productionNetwork",
                        "attributes": {
                            "address_space.#": "1",
                            "address_space.0": "10.0.0.0/16",
                            "dns_servers.#": "0",
                            "id": "/subscriptions/8c6f9e0e-915e-4898-b190-8494072467b2/resourceGroups/production/providers/Microsoft.Network/virtualNetworks/productionNetwork",
                            "location": "westeurope",
                            "name": "productionNetwork",
                            "resource_group_name": "production",
                            "subnet.#": "3",
                            "subnet.1472110187.address_prefix": "10.0.1.0/24",
                            "subnet.1472110187.name": "subnet1",
                            "subnet.1472110187.security_group": "",
                            "subnet.2796830261.address_prefix": "10.0.2.0/24",
                            "subnet.2796830261.name": "subnet2",
                            "subnet.2796830261.security_group": "",
                            "subnet.4132282879.address_prefix": "10.0.3.0/24",
                            "subnet.4132282879.name": "subnet3",
                            "subnet.4132282879.security_group": "",
                            "tags.%": "0"
                        },
                        "meta": {},
                        "tainted": false
                    },
                    "deposed": [],
                    "provider": ""
                }
            },
            "depends_on": []
        }
    ]
}
